
Microsoft Visual Studio Solution File, Format Version 12.00
# Visual Studio Version 17
VisualStudioVersion = 17.1.32328.378
MinimumVisualStudioVersion = 10.0.40219.1
Project("{9A19103F-16F7-4668-BE54-9A1E7A4F7556}") = "SemanticWeb", "SemanticWeb\SemanticWeb.csproj", "{C49C9046-D81F-456D-87FD-FF1064556EEF}"
EndProject
Global
	GlobalSection(SolutionConfigurationPlatforms) = preSolution
		Debug|Any CPU = Debug|Any CPU
		Debug|ARM = Debug|ARM
		Debug|ARM64 = Debug|ARM64
		Debug|x64 = Debug|x64
		Debug|x86 = Debug|x86
		Release|Any CPU = Release|Any CPU
		Release|ARM = Release|ARM
		Release|ARM64 = Release|ARM64
		Release|x64 = Release|x64
		Release|x86 = Release|x86
	EndGlobalSection
	GlobalSection(ProjectConfigurationPlatforms) = postSolution
		{C49C9046-D81F-456D-87FD-FF1064556EEF}.Debug|Any CPU.ActiveCfg = Debug|Any CPU
		{C49C9046-D81F-456D-87FD-FF1064556EEF}.Debug|Any CPU.Build.0 = Debug|Any CPU
		{C49C9046-D81F-456D-87FD-FF1064556EEF}.Debug|ARM.ActiveCfg = Debug|Any CPU
		{C49C9046-D81F-456D-87FD-FF1064556EEF}.Debug|ARM.Build.0 = Debug|Any CPU
		{C49C9046-D81F-456D-87FD-FF1064556EEF}.Debug|ARM64.ActiveCfg = Debug|Any CPU
		{C49C9046-D81F-456D-87FD-FF1064556EEF}.Debug|ARM64.Build.0 = Debug|Any CPU
		{C49C9046-D81F-456D-87FD-FF1064556EEF}.Debug|x64.ActiveCfg = Debug|Any CPU
		{C49C9046-D81F-456D-87FD-FF1064556EEF}.Debug|x64.Build.0 = Debug|Any CPU
		{C49C9046-D81F-456D-87FD-FF1064556EEF}.Debug|x86.ActiveCfg = Debug|Any CPU
		{C49C9046-D81F-456D-87FD-FF1064556EEF}.Debug|x86.Build.0 = Debug|Any CPU
		{C49C9046-D81F-456D-87FD-FF1064556EEF}.Release|Any CPU.ActiveCfg = Release|Any CPU
		{C49C9046-D81F-456D-87FD-FF1064556EEF}.Release|Any CPU.Build.0 = Release|Any CPU
		{C49C9046-D81F-456D-87FD-FF1064556EEF}.Release|ARM.ActiveCfg = Release|Any CPU
		{C49C9046-D81F-456D-87FD-FF1064556EEF}.Release|ARM.Build.0 = Release|Any CPU
		{C49C9046-D81F-456D-87FD-FF1064556EEF}.Release|ARM64.ActiveCfg = Release|Any CPU
		{C49C9046-D81F-456D-87FD-FF1064556EEF}.Release|ARM64.Build.0 = Release|Any CPU
		{C49C9046-D81F-456D-87FD-FF1064556EEF}.Release|x64.ActiveCfg = Release|Any CPU
		{C49C9046-D81F-456D-87FD-FF1064556EEF}.Release|x64.Build.0 = Release|Any CPU
		{C49C9046-D81F-456D-87FD-FF1064556EEF}.Release|x86.ActiveCfg = Release|Any CPU
		{C49C9046-D81F-456D-87FD-FF1064556EEF}.Release|x86.Build.0 = Release|Any CPU
	EndGlobalSection
	GlobalSection(SolutionProperties) = preSolution
		HideSolutionNode = FALSE
	EndGlobalSection
	GlobalSection(ExtensibilityGlobals) = postSolution
		SolutionGuid = {6DD3364F-70F6-4869-85AF-A6F02456867D}
	EndGlobalSection
EndGlobal
